
Microsoft Visual Studio Solution File, Format Version 12.00
Project("{FAE04EC0-301F-11D3-BF4B-00C04F79EFBC}") = "CWX-SPT-Backend", "CWX-SPT-Backend\CWX-SPT-Backend.csproj", "{4A45FF10-3EE4-4EC4-AA7E-C9A9B2734862}"
EndProject
Project("{FAE04EC0-301F-11D3-BF4B-00C04F79EFBC}") = "CWX-SPT-Frontend", "CWX-SPT-Frontend\CWX-SPT-Frontend.csproj", "{8841D9B5-154D-4522-9B80-6635412A2FDC}"
EndProject
Global
	GlobalSection(SolutionConfigurationPlatforms) = preSolution
		Debug|Any CPU = Debug|Any CPU
		Release|Any CPU = Release|Any CPU
	EndGlobalSection
	GlobalSection(ProjectConfigurationPlatforms) = postSolution
		{4A45FF10-3EE4-4EC4-AA7E-C9A9B2734862}.Debug|Any CPU.ActiveCfg = Debug|Any CPU
		{4A45FF10-3EE4-4EC4-AA7E-C9A9B2734862}.Debug|Any CPU.Build.0 = Debug|Any CPU
		{4A45FF10-3EE4-4EC4-AA7E-C9A9B2734862}.Release|Any CPU.ActiveCfg = Release|Any CPU
		{4A45FF10-3EE4-4EC4-AA7E-C9A9B2734862}.Release|Any CPU.Build.0 = Release|Any CPU
		{8841D9B5-154D-4522-9B80-6635412A2FDC}.Debug|Any CPU.ActiveCfg = Debug|Any CPU
		{8841D9B5-154D-4522-9B80-6635412A2FDC}.Debug|Any CPU.Build.0 = Debug|Any CPU
		{8841D9B5-154D-4522-9B80-6635412A2FDC}.Release|Any CPU.ActiveCfg = Release|Any CPU
		{8841D9B5-154D-4522-9B80-6635412A2FDC}.Release|Any CPU.Build.0 = Release|Any CPU
	EndGlobalSection
EndGlobal
